{
  "version": 4,
  "terraform_version": "1.14.5",
  "serial": 5,
  "lineage": "6e322e4c-8800-2a3a-5bdb-ff73818b4610",
  "outputs": {
    "cluster_name": {
      "value": "student-aks-dev",
      "type": "string"
    },
    "resource_group": {
      "value": "student-aks-rg-dev",
      "type": "string"
    }
  },
  "resources": [
    {
      "module": "module.aks",
      "mode": "managed",
      "type": "azurerm_resource_group",
      "name": "rg",
      "provider": "provider[\"registry.terraform.io/hashicorp/azurerm\"]",
      "instances": [
        {
          "schema_version": 0,
          "attributes": {
            "id": "/subscriptions/22b36b2f-04eb-4fe7-8ab3-99f3b5ef680f/resourceGroups/student-aks-rg-dev",
            "location": "centralindia",
            "managed_by": "",
            "name": "student-aks-rg-dev",
            "tags": {
              "Environment": "dev",
              "ManagedBy": "terraform",
              "Project": "my-website"
            },
            "timeouts": null
          },
          "sensitive_attributes": [],
          "identity_schema_version": 0,
          "private": "eyJlMmJmYjczMC1lY2FhLTExZTYtOGY4OC0zNDM2M2JjN2M0YzAiOnsiY3JlYXRlIjo1NDAwMDAwMDAwMDAwLCJkZWxldGUiOjU0MDAwMDAwMDAwMDAsInJlYWQiOjMwMDAwMDAwMDAwMCwidXBkYXRlIjo1NDAwMDAwMDAwMDAwfX0="
        }
      ]
    }
  ],
  "check_results": null
}
